
Microsoft Visual Studio Solution File, Format Version 12.00
# Visual Studio Version 17
VisualStudioVersion = 17.11.35431.28
MinimumVisualStudioVersion = 10.0.40219.1
Project("{9A19103F-16F7-4668-BE54-9A1E7A4F7556}") = "MonarchConverter", "MonarchConverter.csproj", "{71697E48-36CA-47FC-8F1E-B6D4A5CE0D58}"
EndProject
Project("{9A19103F-16F7-4668-BE54-9A1E7A4F7556}") = "CustomConsole", "..\CustomConsole\CustomConsole.csproj", "{871B91A2-F4DF-4640-BAF2-61C9137832BC}"
EndProject
Global
	GlobalSection(SolutionConfigurationPlatforms) = preSolution
		Debug|Any CPU = Debug|Any CPU
		Release|Any CPU = Release|Any CPU
	EndGlobalSection
	GlobalSection(ProjectConfigurationPlatforms) = postSolution
		{71697E48-36CA-47FC-8F1E-B6D4A5CE0D58}.Debug|Any CPU.ActiveCfg = Debug|Any CPU
		{71697E48-36CA-47FC-8F1E-B6D4A5CE0D58}.Debug|Any CPU.Build.0 = Debug|Any CPU
		{71697E48-36CA-47FC-8F1E-B6D4A5CE0D58}.Release|Any CPU.ActiveCfg = Release|Any CPU
		{71697E48-36CA-47FC-8F1E-B6D4A5CE0D58}.Release|Any CPU.Build.0 = Release|Any CPU
		{871B91A2-F4DF-4640-BAF2-61C9137832BC}.Debug|Any CPU.ActiveCfg = Debug|Any CPU
		{871B91A2-F4DF-4640-BAF2-61C9137832BC}.Debug|Any CPU.Build.0 = Debug|Any CPU
		{871B91A2-F4DF-4640-BAF2-61C9137832BC}.Release|Any CPU.ActiveCfg = Release|Any CPU
		{871B91A2-F4DF-4640-BAF2-61C9137832BC}.Release|Any CPU.Build.0 = Release|Any CPU
	EndGlobalSection
	GlobalSection(SolutionProperties) = preSolution
		HideSolutionNode = FALSE
	EndGlobalSection
	GlobalSection(ExtensibilityGlobals) = postSolution
		SolutionGuid = {C21A5DC7-90E5-4EA7-AD55-EF2A7A0DC3C0}
	EndGlobalSection
EndGlobal
